# THIS IS AN AUTOGENERATED FILE. DO NOT EDIT THIS FILE DIRECTLY.
# yarn lockfile v1


balanced-match@^4.0.2:
  version "4.0.4"
  resolved "https://registry.npmjs.org/balanced-match/-/balanced-match-4.0.4.tgz#bfb10662feed8196a2c62e7c68e17720c274179a"
  integrity sha512-BLrgEcRTwX2o6gGxGOCNyMvGSp35YofuYzw9h1IMTRmKqttAZZVU67bdb9Pr2vUHA8+j3i2tJfjO6C6+4myGTA==

brace-expansion@^5.0.8:
  version "5.0.9"
  resolved "https://registry.npmjs.org/brace-expansion/-/brace-expansion-5.0.9.tgz#7c72438809b5fa5babf54199a1f1c281a6984fcf"
  integrity sha512-ScQ4IuvIEF1TMlP7Zt+vjJ//9zlPb2SDcxWxM3bk8s6t6GGdJ7KO1dCcTidOPJKePW30LE/2cT7wCyPho9/Wxg==
  dependencies:
    balanced-match "^4.0.2"

chokidar@^4.0.0:
  version "4.0.3"
  resolved "https://registry.npmjs.org/chokidar/-/chokidar-4.0.3.tgz#7be37a4c03c9aee1ecfe862a4a23b2c70c205d30"
  integrity sha512-Qgzu8kfBvo+cA4962jnP1KkS6Dop5NS6g7R5LFYJr4b8Ub94PPQXUksCw9PvXoeXPRRddRNC5C1JQUR2SMGtnA==
  dependencies:
    readdirp "^4.0.1"

commander@^13.0.0:
  version "13.1.0"
  resolved "https://registry.npmjs.org/commander/-/commander-13.1.0.tgz#776167db68c78f38dcce1f9b8d7b8b9a488abf46"
  integrity sha512-/rFeCpNJQbhSZjGVwO9RFV3xPqbnERS8MmIQzCtD/zl6gpJuV/bMLuN92oG3F7d8oDEHHRrujSXNUr8fpjntKw==

glob@^13.0.6:
  version "13.0.6"
  resolved "https://registry.npmjs.org/glob/-/glob-13.0.6.tgz#078666566a425147ccacfbd2e332deb66a2be71d"
  integrity sha512-Wjlyrolmm8uDpm/ogGyXZXb1Z+Ca2B8NbJwqBVg0axK9GbBeoS7yGV6vjXnYdGm6X53iehEuxxbyiKp8QmN4Vw==
  dependencies:
    minimatch "^10.2.2"
    minipass "^7.1.3"
    path-scurry "^2.0.2"

lru-cache@^11.0.0:
  version "11.5.2"
  resolved "https://registry.npmjs.org/lru-cache/-/lru-cache-11.5.2.tgz#00e16665c90c620fba14a3c368732a976493f760"
  integrity sha512-4pfM1Ff0x50o0tQwb5ucw/RzNyD0/YJME6IVcStalZuMWxdt3sR3huStTtxz4PUmvZfRguvDejasvQ2kifR11g==

minimatch@^10.2.2, minimatch@^10.2.4:
  version "10.2.6"
  resolved "https://registry.npmjs.org/minimatch/-/minimatch-10.2.6.tgz#fd956bbe0b77241e9f15ac5dccb1c638060968ef"
  integrity sha512-vpLQEs+VLCr1nU0BXS07maYoFwlDAH0gngQuuttxIwutDFEMHq2blX+8vpgxDdK3J1PwjCJiep77OitTZ4Ll1A==
  dependencies:
    brace-expansion "^5.0.8"

minipass@^7.1.2, minipass@^7.1.3:
  version "7.1.3"
  resolved "https://registry.npmjs.org/minipass/-/minipass-7.1.3.tgz#79389b4eb1bb2d003a9bba87d492f2bd37bdc65b"
  integrity sha512-tEBHqDnIoM/1rXME1zgka9g6Q2lcoCkxHLuc7ODJ5BxbP5d4c2Z5cGgtXAku59200Cx7diuHTOYfSBD8n6mm8A==

node-addon-api@^8.3.0, node-addon-api@^8.3.1:
  version "8.9.2"
  resolved "https://registry.npmjs.org/node-addon-api/-/node-addon-api-8.9.2.tgz#db7ac94a13ffd9b55e6cb04584bd5ef8e1d74b18"
  integrity sha512-VijLXbi3UACN69I0JVXJsX4tjACjNoQDgv2gTF6sx2wWEi8tkSg2eX8p5gSIFi8z2+DL3oHmY6OyKce38SDolg==

node-gyp-build@^4.8.4:
  version "4.8.4"
  resolved "https://registry.npmjs.org/node-gyp-build/-/node-gyp-build-4.8.4.tgz#8a70ee85464ae52327772a90d66c6077a900cfc8"
  integrity sha512-LA4ZjwlnUblHVgq0oBF3Jl/6h/Nvs5fzBLwdEF4nuxnFdsfajde4WfxtJr3CaiH+F6ewcIB/q4jQ4UzPyid+CQ==

path-scurry@^2.0.2:
  version "2.0.2"
  resolved "https://registry.npmjs.org/path-scurry/-/path-scurry-2.0.2.tgz#6be0d0ee02a10d9e0de7a98bae65e182c9061f85"
  integrity sha512-3O/iVVsJAPsOnpwWIeD+d6z/7PmqApyQePUtCndjatj/9I5LylHvt5qluFaBT3I5h3r1ejfR056c+FCv+NnNXg==
  dependencies:
    lru-cache "^11.0.0"
    minipass "^7.1.2"

readdirp@^4.0.1:
  version "4.1.2"
  resolved "https://registry.npmjs.org/readdirp/-/readdirp-4.1.2.tgz#eb85801435fbf2a7ee58f19e0921b068fc69948d"
  integrity sha512-GDhwkLfywWL2s6vEjyhri+eXmfH6j1L7JE27WhqLeYzoh/A3DBaYGEj2H/HFZCn/kMfim73FXxEJTw06WtxQwg==

source-map@^0.7.4:
  version "0.7.6"
  resolved "https://registry.npmjs.org/source-map/-/source-map-0.7.6.tgz#a3658ab87e5b6429c8a1f3ba0083d4c61ca3ef02"
  integrity sha512-i5uvt8C3ikiWeNZSVZNWcfZPItFQOsYTUAOkcUPGd8DqDy1uOUikjt5dG+uRlwyvR108Fb9DOd4GvXfT0N2/uQ==

tree-sitter-gdscript@^6.1.0:
  version "6.1.0"
  resolved "https://registry.npmjs.org/tree-sitter-gdscript/-/tree-sitter-gdscript-6.1.0.tgz#49229b88c14919010ec62dad1d048bffd6ea7279"
  integrity sha512-Uy5+GWLkec2JaS1mamiJYsC9j/JoW2FxFq4bnji95gyTtMTsqO6+RSVIaBTU/vRGSNEi3PVDZzyV0j3B4RdntA==
  dependencies:
    node-addon-api "^8.3.1"
    node-gyp-build "^4.8.4"

tree-sitter-godot-resource@^0.7.0:
  version "0.7.0"
  resolved "https://registry.npmjs.org/tree-sitter-godot-resource/-/tree-sitter-godot-resource-0.7.0.tgz#0b3c3333cf22c603d7ae5117db6a05bf67e61c45"
  integrity sha512-WH/Od7ZniWYtY4ArjmeAXHFLz1V+VLyuiARusVWDpQYPNbqZblTd8gqfFttjpJG4mITZf/RCS8fBbnwzyzmPKg==
  dependencies:
    node-addon-api "^8.3.1"
    node-gyp-build "^4.8.4"

tree-sitter@^0.22.0:
  version "0.22.4"
  resolved "https://registry.npmjs.org/tree-sitter/-/tree-sitter-0.22.4.tgz#7d29547f663ff6f49ee8d1ac444e6fa169c72b77"
  integrity sha512-usbHZP9/oxNsUY65MQUsduGRqDHQOou1cagUSwjhoSYAmSahjQDAVsh9s+SlZkn8X8+O1FULRGwHu7AFP3kjzg==
  dependencies:
    node-addon-api "^8.3.0"
    node-gyp-build "^4.8.4"

"typescript-to-gdscript@github:LemonNekoGH/typescript-to-gdscript#demo/external-package-sources":
  version "0.1.2"
  resolved "https://codeload.github.com/LemonNekoGH/typescript-to-gdscript/tar.gz/259f5f033a872f2e0d72431a416818e53b2e448e"
  dependencies:
    chokidar "^4.0.0"
    commander "^13.0.0"
    glob "^13.0.6"
    minimatch "^10.2.4"
    source-map "^0.7.4"
    tree-sitter "^0.22.0"
    tree-sitter-gdscript "^6.1.0"
    tree-sitter-godot-resource "^0.7.0"

typescript@^5.9.0:
  version "5.9.3"
  resolved "https://registry.npmjs.org/typescript/-/typescript-5.9.3.tgz#5b4f59e15310ab17a216f5d6cf53ee476ede670f"
  integrity sha512-jl1vZzPDinLr9eUt3J/t7V6FgNEw9QjvBPdysz9KfQDD41fQrC2Y4vKQdiaUpFT4bXlb1RHhLpp8wtm6M5TgSw==
